
Microsoft Visual Studio Solution File, Format Version 12.00
# Visual Studio Version 17
VisualStudioVersion = 17.5.002.0
MinimumVisualStudioVersion = 10.0.40219.1
Project("{9A19103F-16F7-4668-BE54-9A1E7A4F7556}") = "HighLow", "HighLow\HighLow.csproj", "{0D12D0D1-6E98-4311-A15B-FAA56797633B}"
EndProject
Global
	GlobalSection(SolutionConfigurationPlatforms) = preSolution
		Debug|Any CPU = Debug|Any CPU
		Release|Any CPU = Release|Any CPU
	EndGlobalSection
	GlobalSection(ProjectConfigurationPlatforms) = postSolution
		{0D12D0D1-6E98-4311-A15B-FAA56797633B}.Debug|Any CPU.ActiveCfg = Debug|Any CPU
		{0D12D0D1-6E98-4311-A15B-FAA56797633B}.Debug|Any CPU.Build.0 = Debug|Any CPU
		{0D12D0D1-6E98-4311-A15B-FAA56797633B}.Release|Any CPU.ActiveCfg = Release|Any CPU
		{0D12D0D1-6E98-4311-A15B-FAA56797633B}.Release|Any CPU.Build.0 = Release|Any CPU
	EndGlobalSection
	GlobalSection(SolutionProperties) = preSolution
		HideSolutionNode = FALSE
	EndGlobalSection
	GlobalSection(ExtensibilityGlobals) = postSolution
		SolutionGuid = {CF62FC3A-C1A1-41CD-B162-FF63F932E2BA}
	EndGlobalSection
EndGlobal
