
Microsoft Visual Studio Solution File, Format Version 12.00
# Visual Studio Version 17
VisualStudioVersion = 17.5.002.0
MinimumVisualStudioVersion = 10.0.40219.1
Project("{2150E333-8FDC-42A3-9474-1A3956D46DE8}") = "2.1_TempConverter", "2.1_TempConverter", "{FED4DDAE-584F-492B-8BA9-49337BD399CE}"
EndProject
Project("{9A19103F-16F7-4668-BE54-9A1E7A4F7556}") = "TempConverter", "2.1_TempConverter\TempConverter\TempConverter.csproj", "{F4988DAA-74F0-4700-99DD-26214A88D744}"
EndProject
Project("{2150E333-8FDC-42A3-9474-1A3956D46DE8}") = "3.1-3.2_MiniFig", "3.1-3.2_MiniFig", "{26BD97DC-31BC-430A-8891-6C5B2630E1B3}"
EndProject
Project("{9A19103F-16F7-4668-BE54-9A1E7A4F7556}") = "MiniFig", "3.1-3.2_MiniFig\MiniFig\MiniFig.csproj", "{F487026A-8AB1-45F9-80B5-1C498B55F928}"
EndProject
Global
	GlobalSection(SolutionConfigurationPlatforms) = preSolution
		Debug|Any CPU = Debug|Any CPU
		Release|Any CPU = Release|Any CPU
	EndGlobalSection
	GlobalSection(ProjectConfigurationPlatforms) = postSolution
		{F4988DAA-74F0-4700-99DD-26214A88D744}.Debug|Any CPU.ActiveCfg = Debug|Any CPU
		{F4988DAA-74F0-4700-99DD-26214A88D744}.Debug|Any CPU.Build.0 = Debug|Any CPU
		{F4988DAA-74F0-4700-99DD-26214A88D744}.Release|Any CPU.ActiveCfg = Release|Any CPU
		{F4988DAA-74F0-4700-99DD-26214A88D744}.Release|Any CPU.Build.0 = Release|Any CPU
		{F487026A-8AB1-45F9-80B5-1C498B55F928}.Debug|Any CPU.ActiveCfg = Debug|Any CPU
		{F487026A-8AB1-45F9-80B5-1C498B55F928}.Debug|Any CPU.Build.0 = Debug|Any CPU
		{F487026A-8AB1-45F9-80B5-1C498B55F928}.Release|Any CPU.ActiveCfg = Release|Any CPU
		{F487026A-8AB1-45F9-80B5-1C498B55F928}.Release|Any CPU.Build.0 = Release|Any CPU
	EndGlobalSection
	GlobalSection(SolutionProperties) = preSolution
		HideSolutionNode = FALSE
	EndGlobalSection
	GlobalSection(NestedProjects) = preSolution
		{F4988DAA-74F0-4700-99DD-26214A88D744} = {FED4DDAE-584F-492B-8BA9-49337BD399CE}
		{F487026A-8AB1-45F9-80B5-1C498B55F928} = {26BD97DC-31BC-430A-8891-6C5B2630E1B3}
	EndGlobalSection
	GlobalSection(ExtensibilityGlobals) = postSolution
		SolutionGuid = {D2D9A72F-0984-4C70-9691-46993A027F6D}
	EndGlobalSection
EndGlobal
