
Microsoft Visual Studio Solution File, Format Version 12.00
# Visual Studio Version 17
VisualStudioVersion = 17.5.002.0
MinimumVisualStudioVersion = 10.0.40219.1
Project("{9A19103F-16F7-4668-BE54-9A1E7A4F7556}") = "TextBook", "TextBook\TextBook.csproj", "{56DE23F2-9B1F-416F-BC1E-550CD82FF5C1}"
EndProject
Global
	GlobalSection(SolutionConfigurationPlatforms) = preSolution
		Debug|Any CPU = Debug|Any CPU
		Release|Any CPU = Release|Any CPU
	EndGlobalSection
	GlobalSection(ProjectConfigurationPlatforms) = postSolution
		{56DE23F2-9B1F-416F-BC1E-550CD82FF5C1}.Debug|Any CPU.ActiveCfg = Debug|Any CPU
		{56DE23F2-9B1F-416F-BC1E-550CD82FF5C1}.Debug|Any CPU.Build.0 = Debug|Any CPU
		{56DE23F2-9B1F-416F-BC1E-550CD82FF5C1}.Release|Any CPU.ActiveCfg = Release|Any CPU
		{56DE23F2-9B1F-416F-BC1E-550CD82FF5C1}.Release|Any CPU.Build.0 = Release|Any CPU
	EndGlobalSection
	GlobalSection(SolutionProperties) = preSolution
		HideSolutionNode = FALSE
	EndGlobalSection
	GlobalSection(ExtensibilityGlobals) = postSolution
		SolutionGuid = {EB2E1D86-1B46-4ACA-81B9-129BD2D6857A}
	EndGlobalSection
EndGlobal
